
Microsoft Visual Studio Solution File, Format Version 12.00
# Visual Studio 14
VisualStudioVersion = 14.0.25420.1
MinimumVisualStudioVersion = 10.0.40219.1
Project("{FAE04EC0-301F-11D3-BF4B-00C04F79EFBC}") = "snooker-scorer", "snooker-scorer\snooker-scorer.csproj", "{437C1794-09AD-4AE7-BF6F-3B1EA8AD089E}"
EndProject
Project("{FAE04EC0-301F-11D3-BF4B-00C04F79EFBC}") = "snooker-scorer-test", "snooker-scorer-test\snooker-scorer-test.csproj", "{34776309-20BC-4DD4-A515-F3788AC39239}"
EndProject
Global
	GlobalSection(SolutionConfigurationPlatforms) = preSolution
		Debug|Any CPU = Debug|Any CPU
		Release|Any CPU = Release|Any CPU
	EndGlobalSection
	GlobalSection(ProjectConfigurationPlatforms) = postSolution
		{437C1794-09AD-4AE7-BF6F-3B1EA8AD089E}.Debug|Any CPU.ActiveCfg = Debug|Any CPU
		{437C1794-09AD-4AE7-BF6F-3B1EA8AD089E}.Debug|Any CPU.Build.0 = Debug|Any CPU
		{437C1794-09AD-4AE7-BF6F-3B1EA8AD089E}.Release|Any CPU.ActiveCfg = Release|Any CPU
		{437C1794-09AD-4AE7-BF6F-3B1EA8AD089E}.Release|Any CPU.Build.0 = Release|Any CPU
		{34776309-20BC-4DD4-A515-F3788AC39239}.Debug|Any CPU.ActiveCfg = Debug|Any CPU
		{34776309-20BC-4DD4-A515-F3788AC39239}.Debug|Any CPU.Build.0 = Debug|Any CPU
		{34776309-20BC-4DD4-A515-F3788AC39239}.Release|Any CPU.ActiveCfg = Release|Any CPU
		{34776309-20BC-4DD4-A515-F3788AC39239}.Release|Any CPU.Build.0 = Release|Any CPU
	EndGlobalSection
	GlobalSection(SolutionProperties) = preSolution
		HideSolutionNode = FALSE
	EndGlobalSection
EndGlobal
